
Microsoft Visual Studio Solution File, Format Version 12.00
# Visual Studio Version 17
VisualStudioVersion = 17.6.33815.320
MinimumVisualStudioVersion = 10.0.40219.1
Project("{FAE04EC0-301F-11D3-BF4B-00C04F79EFBC}") = "Cashing", "Cashing\Cashing.csproj", "{63E42242-B5FA-4F75-845E-35C657FD274B}"
EndProject
Global
	GlobalSection(SolutionConfigurationPlatforms) = preSolution
		Debug|Any CPU = Debug|Any CPU
		Release|Any CPU = Release|Any CPU
	EndGlobalSection
	GlobalSection(ProjectConfigurationPlatforms) = postSolution
		{63E42242-B5FA-4F75-845E-35C657FD274B}.Debug|Any CPU.ActiveCfg = Debug|Any CPU
		{63E42242-B5FA-4F75-845E-35C657FD274B}.Debug|Any CPU.Build.0 = Debug|Any CPU
		{63E42242-B5FA-4F75-845E-35C657FD274B}.Release|Any CPU.ActiveCfg = Release|Any CPU
		{63E42242-B5FA-4F75-845E-35C657FD274B}.Release|Any CPU.Build.0 = Release|Any CPU
	EndGlobalSection
	GlobalSection(SolutionProperties) = preSolution
		HideSolutionNode = FALSE
	EndGlobalSection
	GlobalSection(ExtensibilityGlobals) = postSolution
		SolutionGuid = {0B81F37D-EC3C-4DE5-A337-3FD193DD834D}
	EndGlobalSection
EndGlobal
